
Microsoft Visual Studio Solution File, Format Version 12.00
# Visual Studio Version 16
VisualStudioVersion = 16.0.30320.27
MinimumVisualStudioVersion = 10.0.40219.1
Project("{6EC3EE1D-3C4E-46DD-8F32-0CC8E7565705}") = "EasyInbox", "EasyInbox\EasyInbox.fsproj", "{37049693-B315-4DD5-8843-79EACEF50E1B}"
EndProject
Project("{6EC3EE1D-3C4E-46DD-8F32-0CC8E7565705}") = "EasyInbox.Test", "EasyInbox.Test\EasyInbox.Test.fsproj", "{B2EF304A-1822-42D3-872D-3BAC31BCAEB6}"
EndProject
Project("{6EC3EE1D-3C4E-46DD-8F32-0CC8E7565705}") = "EasyInbox.Core", "EasyInbox.Core\EasyInbox.Core.fsproj", "{1D914C38-EBE6-444D-8547-AC17E9343F2A}"
EndProject
Project("{6EC3EE1D-3C4E-46DD-8F32-0CC8E7565705}") = "EasyInbox.Api", "EasyInbox.Api\EasyInbox.Api.fsproj", "{59299387-43E3-4B18-929B-67D483C1632B}"
EndProject
Project("{9A19103F-16F7-4668-BE54-9A1E7A4F7556}") = "EasyInbox.Migrations", "EasyInbox.Migrations\EasyInbox.Migrations.csproj", "{AA0B4535-CF2B-4E35-962F-E1CFFC9C0075}"
EndProject
Project("{6EC3EE1D-3C4E-46DD-8F32-0CC8E7565705}") = "EasyInbox.Persistence", "EasyInbox.Db\EasyInbox.Persistence.fsproj", "{C40C423C-6B75-4BA0-B356-C8359C5FDFDE}"
EndProject
Global
	GlobalSection(SolutionConfigurationPlatforms) = preSolution
		Debug|Any CPU = Debug|Any CPU
		Release|Any CPU = Release|Any CPU
	EndGlobalSection
	GlobalSection(ProjectConfigurationPlatforms) = postSolution
		{37049693-B315-4DD5-8843-79EACEF50E1B}.Debug|Any CPU.ActiveCfg = Debug|Any CPU
		{37049693-B315-4DD5-8843-79EACEF50E1B}.Debug|Any CPU.Build.0 = Debug|Any CPU
		{37049693-B315-4DD5-8843-79EACEF50E1B}.Release|Any CPU.ActiveCfg = Release|Any CPU
		{37049693-B315-4DD5-8843-79EACEF50E1B}.Release|Any CPU.Build.0 = Release|Any CPU
		{B2EF304A-1822-42D3-872D-3BAC31BCAEB6}.Debug|Any CPU.ActiveCfg = Debug|Any CPU
		{B2EF304A-1822-42D3-872D-3BAC31BCAEB6}.Debug|Any CPU.Build.0 = Debug|Any CPU
		{B2EF304A-1822-42D3-872D-3BAC31BCAEB6}.Release|Any CPU.ActiveCfg = Release|Any CPU
		{B2EF304A-1822-42D3-872D-3BAC31BCAEB6}.Release|Any CPU.Build.0 = Release|Any CPU
		{1D914C38-EBE6-444D-8547-AC17E9343F2A}.Debug|Any CPU.ActiveCfg = Debug|Any CPU
		{1D914C38-EBE6-444D-8547-AC17E9343F2A}.Debug|Any CPU.Build.0 = Debug|Any CPU
		{1D914C38-EBE6-444D-8547-AC17E9343F2A}.Release|Any CPU.ActiveCfg = Release|Any CPU
		{1D914C38-EBE6-444D-8547-AC17E9343F2A}.Release|Any CPU.Build.0 = Release|Any CPU
		{59299387-43E3-4B18-929B-67D483C1632B}.Debug|Any CPU.ActiveCfg = Debug|Any CPU
		{59299387-43E3-4B18-929B-67D483C1632B}.Debug|Any CPU.Build.0 = Debug|Any CPU
		{59299387-43E3-4B18-929B-67D483C1632B}.Release|Any CPU.ActiveCfg = Release|Any CPU
		{59299387-43E3-4B18-929B-67D483C1632B}.Release|Any CPU.Build.0 = Release|Any CPU
		{AA0B4535-CF2B-4E35-962F-E1CFFC9C0075}.Debug|Any CPU.ActiveCfg = Debug|Any CPU
		{AA0B4535-CF2B-4E35-962F-E1CFFC9C0075}.Debug|Any CPU.Build.0 = Debug|Any CPU
		{AA0B4535-CF2B-4E35-962F-E1CFFC9C0075}.Release|Any CPU.ActiveCfg = Release|Any CPU
		{AA0B4535-CF2B-4E35-962F-E1CFFC9C0075}.Release|Any CPU.Build.0 = Release|Any CPU
		{C40C423C-6B75-4BA0-B356-C8359C5FDFDE}.Debug|Any CPU.ActiveCfg = Debug|Any CPU
		{C40C423C-6B75-4BA0-B356-C8359C5FDFDE}.Debug|Any CPU.Build.0 = Debug|Any CPU
		{C40C423C-6B75-4BA0-B356-C8359C5FDFDE}.Release|Any CPU.ActiveCfg = Release|Any CPU
		{C40C423C-6B75-4BA0-B356-C8359C5FDFDE}.Release|Any CPU.Build.0 = Release|Any CPU
	EndGlobalSection
	GlobalSection(SolutionProperties) = preSolution
		HideSolutionNode = FALSE
	EndGlobalSection
	GlobalSection(ExtensibilityGlobals) = postSolution
		SolutionGuid = {ED8CB55D-D546-4241-8E8A-85297B509381}
	EndGlobalSection
EndGlobal
